
Microsoft Visual Studio Solution File, Format Version 12.00
# Visual Studio Version 16
VisualStudioVersion = 16.0.29326.143
MinimumVisualStudioVersion = 10.0.40219.1
Project("{FAE04EC0-301F-11D3-BF4B-00C04F79EFBC}") = "Mindgaze.Languages.UWP", "Mindgaze.Languages.UWP\Mindgaze.Languages.UWP.csproj", "{B80D8AF9-65BF-46AF-89E6-26E9E7717433}"
EndProject
Project("{9A19103F-16F7-4668-BE54-9A1E7A4F7556}") = "Mindgaze.Languages.Web", "Mindgaze.Languages.Web\Mindgaze.Languages.Web.csproj", "{DBD0F827-4053-4DB4-9632-1F1353F6E5E8}"
EndProject
Project("{FAE04EC0-301F-11D3-BF4B-00C04F79EFBC}") = "Mindgaze.Languages.Blazor", "Mindgaze.Languages.Blazor\Mindgaze.Languages.Blazor.csproj", "{DB5D9490-70A4-4754-B221-40E1FECAF343}"
EndProject
Global
	GlobalSection(SolutionConfigurationPlatforms) = preSolution
		Debug|Any CPU = Debug|Any CPU
		Debug|ARM = Debug|ARM
		Debug|x64 = Debug|x64
		Debug|x86 = Debug|x86
		Release|Any CPU = Release|Any CPU
		Release|ARM = Release|ARM
		Release|x64 = Release|x64
		Release|x86 = Release|x86
	EndGlobalSection
	GlobalSection(ProjectConfigurationPlatforms) = postSolution
		{B80D8AF9-65BF-46AF-89E6-26E9E7717433}.Debug|Any CPU.ActiveCfg = Debug|x86
		{B80D8AF9-65BF-46AF-89E6-26E9E7717433}.Debug|ARM.ActiveCfg = Debug|ARM
		{B80D8AF9-65BF-46AF-89E6-26E9E7717433}.Debug|ARM.Build.0 = Debug|ARM
		{B80D8AF9-65BF-46AF-89E6-26E9E7717433}.Debug|ARM.Deploy.0 = Debug|ARM
		{B80D8AF9-65BF-46AF-89E6-26E9E7717433}.Debug|x64.ActiveCfg = Debug|x64
		{B80D8AF9-65BF-46AF-89E6-26E9E7717433}.Debug|x64.Build.0 = Debug|x64
		{B80D8AF9-65BF-46AF-89E6-26E9E7717433}.Debug|x64.Deploy.0 = Debug|x64
		{B80D8AF9-65BF-46AF-89E6-26E9E7717433}.Debug|x86.ActiveCfg = Debug|x86
		{B80D8AF9-65BF-46AF-89E6-26E9E7717433}.Debug|x86.Build.0 = Debug|x86
		{B80D8AF9-65BF-46AF-89E6-26E9E7717433}.Debug|x86.Deploy.0 = Debug|x86
		{B80D8AF9-65BF-46AF-89E6-26E9E7717433}.Release|Any CPU.ActiveCfg = Release|x86
		{B80D8AF9-65BF-46AF-89E6-26E9E7717433}.Release|ARM.ActiveCfg = Release|ARM
		{B80D8AF9-65BF-46AF-89E6-26E9E7717433}.Release|ARM.Build.0 = Release|ARM
		{B80D8AF9-65BF-46AF-89E6-26E9E7717433}.Release|ARM.Deploy.0 = Release|ARM
		{B80D8AF9-65BF-46AF-89E6-26E9E7717433}.Release|x64.ActiveCfg = Release|x64
		{B80D8AF9-65BF-46AF-89E6-26E9E7717433}.Release|x64.Build.0 = Release|x64
		{B80D8AF9-65BF-46AF-89E6-26E9E7717433}.Release|x64.Deploy.0 = Release|x64
		{B80D8AF9-65BF-46AF-89E6-26E9E7717433}.Release|x86.ActiveCfg = Release|x86
		{B80D8AF9-65BF-46AF-89E6-26E9E7717433}.Release|x86.Build.0 = Release|x86
		{B80D8AF9-65BF-46AF-89E6-26E9E7717433}.Release|x86.Deploy.0 = Release|x86
		{DBD0F827-4053-4DB4-9632-1F1353F6E5E8}.Debug|Any CPU.ActiveCfg = Debug|Any CPU
		{DBD0F827-4053-4DB4-9632-1F1353F6E5E8}.Debug|Any CPU.Build.0 = Debug|Any CPU
		{DBD0F827-4053-4DB4-9632-1F1353F6E5E8}.Debug|ARM.ActiveCfg = Debug|Any CPU
		{DBD0F827-4053-4DB4-9632-1F1353F6E5E8}.Debug|ARM.Build.0 = Debug|Any CPU
		{DBD0F827-4053-4DB4-9632-1F1353F6E5E8}.Debug|x64.ActiveCfg = Debug|Any CPU
		{DBD0F827-4053-4DB4-9632-1F1353F6E5E8}.Debug|x64.Build.0 = Debug|Any CPU
		{DBD0F827-4053-4DB4-9632-1F1353F6E5E8}.Debug|x86.ActiveCfg = Debug|Any CPU
		{DBD0F827-4053-4DB4-9632-1F1353F6E5E8}.Debug|x86.Build.0 = Debug|Any CPU
		{DBD0F827-4053-4DB4-9632-1F1353F6E5E8}.Release|Any CPU.ActiveCfg = Release|Any CPU
		{DBD0F827-4053-4DB4-9632-1F1353F6E5E8}.Release|Any CPU.Build.0 = Release|Any CPU
		{DBD0F827-4053-4DB4-9632-1F1353F6E5E8}.Release|ARM.ActiveCfg = Release|Any CPU
		{DBD0F827-4053-4DB4-9632-1F1353F6E5E8}.Release|ARM.Build.0 = Release|Any CPU
		{DBD0F827-4053-4DB4-9632-1F1353F6E5E8}.Release|x64.ActiveCfg = Release|Any CPU
		{DBD0F827-4053-4DB4-9632-1F1353F6E5E8}.Release|x64.Build.0 = Release|Any CPU
		{DBD0F827-4053-4DB4-9632-1F1353F6E5E8}.Release|x86.ActiveCfg = Release|Any CPU
		{DBD0F827-4053-4DB4-9632-1F1353F6E5E8}.Release|x86.Build.0 = Release|Any CPU
		{DB5D9490-70A4-4754-B221-40E1FECAF343}.Debug|Any CPU.ActiveCfg = Debug|Any CPU
		{DB5D9490-70A4-4754-B221-40E1FECAF343}.Debug|Any CPU.Build.0 = Debug|Any CPU
		{DB5D9490-70A4-4754-B221-40E1FECAF343}.Debug|ARM.ActiveCfg = Debug|Any CPU
		{DB5D9490-70A4-4754-B221-40E1FECAF343}.Debug|ARM.Build.0 = Debug|Any CPU
		{DB5D9490-70A4-4754-B221-40E1FECAF343}.Debug|x64.ActiveCfg = Debug|Any CPU
		{DB5D9490-70A4-4754-B221-40E1FECAF343}.Debug|x64.Build.0 = Debug|Any CPU
		{DB5D9490-70A4-4754-B221-40E1FECAF343}.Debug|x86.ActiveCfg = Debug|Any CPU
		{DB5D9490-70A4-4754-B221-40E1FECAF343}.Debug|x86.Build.0 = Debug|Any CPU
		{DB5D9490-70A4-4754-B221-40E1FECAF343}.Release|Any CPU.ActiveCfg = Release|Any CPU
		{DB5D9490-70A4-4754-B221-40E1FECAF343}.Release|Any CPU.Build.0 = Release|Any CPU
		{DB5D9490-70A4-4754-B221-40E1FECAF343}.Release|ARM.ActiveCfg = Release|Any CPU
		{DB5D9490-70A4-4754-B221-40E1FECAF343}.Release|ARM.Build.0 = Release|Any CPU
		{DB5D9490-70A4-4754-B221-40E1FECAF343}.Release|x64.ActiveCfg = Release|Any CPU
		{DB5D9490-70A4-4754-B221-40E1FECAF343}.Release|x64.Build.0 = Release|Any CPU
		{DB5D9490-70A4-4754-B221-40E1FECAF343}.Release|x86.ActiveCfg = Release|Any CPU
		{DB5D9490-70A4-4754-B221-40E1FECAF343}.Release|x86.Build.0 = Release|Any CPU
	EndGlobalSection
	GlobalSection(SolutionProperties) = preSolution
		HideSolutionNode = FALSE
	EndGlobalSection
	GlobalSection(ExtensibilityGlobals) = postSolution
		SolutionGuid = {A4B6AD99-65B1-4C88-91FE-F12B98E3A577}
	EndGlobalSection
EndGlobal
